
Microsoft Visual Studio Solution File, Format Version 12.00
# Visual Studio Version 17
VisualStudioVersion = 17.8.34525.116
MinimumVisualStudioVersion = 10.0.40219.1
Project("{9A19103F-16F7-4668-BE54-9A1E7A4F7556}") = "HHTDotNetCore.ConsoleApp", "DotNetTrainingBatch4.ConsoleApp\HHTDotNetCore.ConsoleApp.csproj", "{76AD310A-4204-4232-B933-D48BBCECA3E2}"
EndProject
Project("{9A19103F-16F7-4668-BE54-9A1E7A4F7556}") = "HtayHtayThwe_RestAPI", "HtayHtayThwe_RestAPI\HtayHtayThwe_RestAPI.csproj", "{319237A6-BD6D-486E-ADF6-8F299A819ADD}"
EndProject
Project("{9A19103F-16F7-4668-BE54-9A1E7A4F7556}") = "HHTDotNetCore.shared", "HHTDotNetCore.shared\HHTDotNetCore.shared.csproj", "{37976051-F88C-4205-8905-51751C4835CB}"
EndProject
Project("{9A19103F-16F7-4668-BE54-9A1E7A4F7556}") = "HHTDotNetCore_ResetApiWithNLayer", "HHTDotNetCore_ResetApiWithReset\HHTDotNetCore_ResetApiWithNLayer.csproj", "{7995CE5E-2A16-4323-852C-E4EDCEB1B693}"
EndProject
Project("{9A19103F-16F7-4668-BE54-9A1E7A4F7556}") = "HHTDotNetCore.ConsoleAppHttpClient", "HHTDotNetCore.ConsoleAppHttpClient\HHTDotNetCore.ConsoleAppHttpClient.csproj", "{C62A8EE0-4A74-4181-B30E-B3EBC35B1934}"
EndProject
Project("{9A19103F-16F7-4668-BE54-9A1E7A4F7556}") = "HHTDotNet.ConsoleAppHttpClientExample", "HHTDotNet.ConsoleAppHttpClientExample\HHTDotNet.ConsoleAppHttpClientExample.csproj", "{9B412132-763E-452F-ABA9-F402731560E6}"
EndProject
Project("{9A19103F-16F7-4668-BE54-9A1E7A4F7556}") = "HHTDotNetCore.ConsoleAppREstClientExample", "HHTDotNetCore.ConsoleAppREstClientExample\HHTDotNetCore.ConsoleAppREstClientExample.csproj", "{D7026562-A956-475C-9B89-0B359F66336C}"
EndProject
Project("{9A19103F-16F7-4668-BE54-9A1E7A4F7556}") = "HHTDotNetCore.PizzaApi", "HHTDotNetCore.PizzaApi\HHTDotNetCore.PizzaApi.csproj", "{3F1C7FA8-3D86-4CFE-BE78-C0F360F44735}"
EndProject
Project("{9A19103F-16F7-4668-BE54-9A1E7A4F7556}") = "HHtDotNetCore.ConsoleAppRefitExample", "HHtDotNetCore.ConsoleAppRefitExample\HHtDotNetCore.ConsoleAppRefitExample.csproj", "{2EAB8E10-9B51-4E30-BDC9-6046E1A0E0F3}"
EndProject
Project("{9A19103F-16F7-4668-BE54-9A1E7A4F7556}") = "HHTDotNetCore.WindowForms", "HHTDotNetCore.WindowForms\HHTDotNetCore.WindowForms.csproj", "{408EEFB4-B734-4C22-9797-DEA43E85CE72}"
EndProject
Project("{9A19103F-16F7-4668-BE54-9A1E7A4F7556}") = "HHTDotNetCore.DreamDict", "HHTDotNetCore.DreamDict\HHTDotNetCore.DreamDict.csproj", "{2EC8B2FF-3589-4FB3-90D5-60900384EA28}"
EndProject
Project("{9A19103F-16F7-4668-BE54-9A1E7A4F7556}") = "HHTDotNetCore.DreamDictHttp", "HHTDotNetCore.DreamDictHttp\HHTDotNetCore.DreamDictHttp.csproj", "{8951123C-BEAF-4D74-BF99-F162B7848D39}"
EndProject
Project("{9A19103F-16F7-4668-BE54-9A1E7A4F7556}") = "HHTDotNetCore.WinForm", "HHTDotNetCore.WinForm\HHTDotNetCore.WinForm.csproj", "{A2BCCA57-C424-41E3-9C5A-B4D2765B0C88}"
EndProject
Project("{9A19103F-16F7-4668-BE54-9A1E7A4F7556}") = "HHTDotNetCore.WinFormAppSqlInjection", "HHTDotNetCore.WinFormAppSqlInjection\HHTDotNetCore.WinFormAppSqlInjection.csproj", "{D7F01B9A-EF3D-49F9-BE43-22569919F2D4}"
EndProject
Project("{9A19103F-16F7-4668-BE54-9A1E7A4F7556}") = "HHTDotNetCore.NLayer.UI", "HHTDotNetCore.NLayer.UI\HHTDotNetCore.NLayer.UI.csproj", "{D6C11D41-95D8-42FA-BB57-855D724AE8A2}"
EndProject
Project("{9A19103F-16F7-4668-BE54-9A1E7A4F7556}") = "HHTDotNetCore.NLayer.BussinessLogic", "HHTDotNetCore.NLayer.BussinessLogic\HHTDotNetCore.NLayer.BussinessLogic.csproj", "{BA2C5E70-4B4F-4509-ABF8-20373604AA2D}"
EndProject
Project("{9A19103F-16F7-4668-BE54-9A1E7A4F7556}") = "HHTDotNetCore.NLayer.DataAccess", "HHTDotNetCore.NLayer.DataAccess\HHTDotNetCore.NLayer.DataAccess.csproj", "{0616B0F5-BC9A-4325-BD4F-9F629A60F0F5}"
EndProject
Project("{9A19103F-16F7-4668-BE54-9A1E7A4F7556}") = "HHTDotNetCore.MVC_API_pj", "HHTDotNetCore.MVC_API_pj\HHTDotNetCore.MVC_API_pj.csproj", "{4DFDB3C5-EDFA-4349-ADF5-313673DA1E28}"
EndProject
Global
	GlobalSection(SolutionConfigurationPlatforms) = preSolution
		Debug|Any CPU = Debug|Any CPU
		Release|Any CPU = Release|Any CPU
	EndGlobalSection
	GlobalSection(ProjectConfigurationPlatforms) = postSolution
		{76AD310A-4204-4232-B933-D48BBCECA3E2}.Debug|Any CPU.ActiveCfg = Debug|Any CPU
		{76AD310A-4204-4232-B933-D48BBCECA3E2}.Debug|Any CPU.Build.0 = Debug|Any CPU
		{76AD310A-4204-4232-B933-D48BBCECA3E2}.Release|Any CPU.ActiveCfg = Release|Any CPU
		{76AD310A-4204-4232-B933-D48BBCECA3E2}.Release|Any CPU.Build.0 = Release|Any CPU
		{319237A6-BD6D-486E-ADF6-8F299A819ADD}.Debug|Any CPU.ActiveCfg = Debug|Any CPU
		{319237A6-BD6D-486E-ADF6-8F299A819ADD}.Debug|Any CPU.Build.0 = Debug|Any CPU
		{319237A6-BD6D-486E-ADF6-8F299A819ADD}.Release|Any CPU.ActiveCfg = Release|Any CPU
		{319237A6-BD6D-486E-ADF6-8F299A819ADD}.Release|Any CPU.Build.0 = Release|Any CPU
		{37976051-F88C-4205-8905-51751C4835CB}.Debug|Any CPU.ActiveCfg = Debug|Any CPU
		{37976051-F88C-4205-8905-51751C4835CB}.Debug|Any CPU.Build.0 = Debug|Any CPU
		{37976051-F88C-4205-8905-51751C4835CB}.Release|Any CPU.ActiveCfg = Release|Any CPU
		{37976051-F88C-4205-8905-51751C4835CB}.Release|Any CPU.Build.0 = Release|Any CPU
		{7995CE5E-2A16-4323-852C-E4EDCEB1B693}.Debug|Any CPU.ActiveCfg = Debug|Any CPU
		{7995CE5E-2A16-4323-852C-E4EDCEB1B693}.Debug|Any CPU.Build.0 = Debug|Any CPU
		{7995CE5E-2A16-4323-852C-E4EDCEB1B693}.Release|Any CPU.ActiveCfg = Release|Any CPU
		{7995CE5E-2A16-4323-852C-E4EDCEB1B693}.Release|Any CPU.Build.0 = Release|Any CPU
		{C62A8EE0-4A74-4181-B30E-B3EBC35B1934}.Debug|Any CPU.ActiveCfg = Debug|Any CPU
		{C62A8EE0-4A74-4181-B30E-B3EBC35B1934}.Debug|Any CPU.Build.0 = Debug|Any CPU
		{C62A8EE0-4A74-4181-B30E-B3EBC35B1934}.Release|Any CPU.ActiveCfg = Release|Any CPU
		{C62A8EE0-4A74-4181-B30E-B3EBC35B1934}.Release|Any CPU.Build.0 = Release|Any CPU
		{9B412132-763E-452F-ABA9-F402731560E6}.Debug|Any CPU.ActiveCfg = Debug|Any CPU
		{9B412132-763E-452F-ABA9-F402731560E6}.Debug|Any CPU.Build.0 = Debug|Any CPU
		{9B412132-763E-452F-ABA9-F402731560E6}.Release|Any CPU.ActiveCfg = Release|Any CPU
		{9B412132-763E-452F-ABA9-F402731560E6}.Release|Any CPU.Build.0 = Release|Any CPU
		{D7026562-A956-475C-9B89-0B359F66336C}.Debug|Any CPU.ActiveCfg = Debug|Any CPU
		{D7026562-A956-475C-9B89-0B359F66336C}.Debug|Any CPU.Build.0 = Debug|Any CPU
		{D7026562-A956-475C-9B89-0B359F66336C}.Release|Any CPU.ActiveCfg = Release|Any CPU
		{D7026562-A956-475C-9B89-0B359F66336C}.Release|Any CPU.Build.0 = Release|Any CPU
		{3F1C7FA8-3D86-4CFE-BE78-C0F360F44735}.Debug|Any CPU.ActiveCfg = Debug|Any CPU
		{3F1C7FA8-3D86-4CFE-BE78-C0F360F44735}.Debug|Any CPU.Build.0 = Debug|Any CPU
		{3F1C7FA8-3D86-4CFE-BE78-C0F360F44735}.Release|Any CPU.ActiveCfg = Release|Any CPU
		{3F1C7FA8-3D86-4CFE-BE78-C0F360F44735}.Release|Any CPU.Build.0 = Release|Any CPU
		{2EAB8E10-9B51-4E30-BDC9-6046E1A0E0F3}.Debug|Any CPU.ActiveCfg = Debug|Any CPU
		{2EAB8E10-9B51-4E30-BDC9-6046E1A0E0F3}.Debug|Any CPU.Build.0 = Debug|Any CPU
		{2EAB8E10-9B51-4E30-BDC9-6046E1A0E0F3}.Release|Any CPU.ActiveCfg = Release|Any CPU
		{2EAB8E10-9B51-4E30-BDC9-6046E1A0E0F3}.Release|Any CPU.Build.0 = Release|Any CPU
		{408EEFB4-B734-4C22-9797-DEA43E85CE72}.Debug|Any CPU.ActiveCfg = Debug|Any CPU
		{408EEFB4-B734-4C22-9797-DEA43E85CE72}.Debug|Any CPU.Build.0 = Debug|Any CPU
		{408EEFB4-B734-4C22-9797-DEA43E85CE72}.Release|Any CPU.ActiveCfg = Release|Any CPU
		{408EEFB4-B734-4C22-9797-DEA43E85CE72}.Release|Any CPU.Build.0 = Release|Any CPU
		{2EC8B2FF-3589-4FB3-90D5-60900384EA28}.Debug|Any CPU.ActiveCfg = Debug|Any CPU
		{2EC8B2FF-3589-4FB3-90D5-60900384EA28}.Debug|Any CPU.Build.0 = Debug|Any CPU
		{2EC8B2FF-3589-4FB3-90D5-60900384EA28}.Release|Any CPU.ActiveCfg = Release|Any CPU
		{2EC8B2FF-3589-4FB3-90D5-60900384EA28}.Release|Any CPU.Build.0 = Release|Any CPU
		{8951123C-BEAF-4D74-BF99-F162B7848D39}.Debug|Any CPU.ActiveCfg = Debug|Any CPU
		{8951123C-BEAF-4D74-BF99-F162B7848D39}.Debug|Any CPU.Build.0 = Debug|Any CPU
		{8951123C-BEAF-4D74-BF99-F162B7848D39}.Release|Any CPU.ActiveCfg = Release|Any CPU
		{8951123C-BEAF-4D74-BF99-F162B7848D39}.Release|Any CPU.Build.0 = Release|Any CPU
		{A2BCCA57-C424-41E3-9C5A-B4D2765B0C88}.Debug|Any CPU.ActiveCfg = Debug|Any CPU
		{A2BCCA57-C424-41E3-9C5A-B4D2765B0C88}.Debug|Any CPU.Build.0 = Debug|Any CPU
		{A2BCCA57-C424-41E3-9C5A-B4D2765B0C88}.Release|Any CPU.ActiveCfg = Release|Any CPU
		{A2BCCA57-C424-41E3-9C5A-B4D2765B0C88}.Release|Any CPU.Build.0 = Release|Any CPU
		{D7F01B9A-EF3D-49F9-BE43-22569919F2D4}.Debug|Any CPU.ActiveCfg = Debug|Any CPU
		{D7F01B9A-EF3D-49F9-BE43-22569919F2D4}.Debug|Any CPU.Build.0 = Debug|Any CPU
		{D7F01B9A-EF3D-49F9-BE43-22569919F2D4}.Release|Any CPU.ActiveCfg = Release|Any CPU
		{D7F01B9A-EF3D-49F9-BE43-22569919F2D4}.Release|Any CPU.Build.0 = Release|Any CPU
		{D6C11D41-95D8-42FA-BB57-855D724AE8A2}.Debug|Any CPU.ActiveCfg = Debug|Any CPU
		{D6C11D41-95D8-42FA-BB57-855D724AE8A2}.Debug|Any CPU.Build.0 = Debug|Any CPU
		{D6C11D41-95D8-42FA-BB57-855D724AE8A2}.Release|Any CPU.ActiveCfg = Release|Any CPU
		{D6C11D41-95D8-42FA-BB57-855D724AE8A2}.Release|Any CPU.Build.0 = Release|Any CPU
		{BA2C5E70-4B4F-4509-ABF8-20373604AA2D}.Debug|Any CPU.ActiveCfg = Debug|Any CPU
		{BA2C5E70-4B4F-4509-ABF8-20373604AA2D}.Debug|Any CPU.Build.0 = Debug|Any CPU
		{BA2C5E70-4B4F-4509-ABF8-20373604AA2D}.Release|Any CPU.ActiveCfg = Release|Any CPU
		{BA2C5E70-4B4F-4509-ABF8-20373604AA2D}.Release|Any CPU.Build.0 = Release|Any CPU
		{0616B0F5-BC9A-4325-BD4F-9F629A60F0F5}.Debug|Any CPU.ActiveCfg = Debug|Any CPU
		{0616B0F5-BC9A-4325-BD4F-9F629A60F0F5}.Debug|Any CPU.Build.0 = Debug|Any CPU
		{0616B0F5-BC9A-4325-BD4F-9F629A60F0F5}.Release|Any CPU.ActiveCfg = Release|Any CPU
		{0616B0F5-BC9A-4325-BD4F-9F629A60F0F5}.Release|Any CPU.Build.0 = Release|Any CPU
		{4DFDB3C5-EDFA-4349-ADF5-313673DA1E28}.Debug|Any CPU.ActiveCfg = Debug|Any CPU
		{4DFDB3C5-EDFA-4349-ADF5-313673DA1E28}.Debug|Any CPU.Build.0 = Debug|Any CPU
		{4DFDB3C5-EDFA-4349-ADF5-313673DA1E28}.Release|Any CPU.ActiveCfg = Release|Any CPU
		{4DFDB3C5-EDFA-4349-ADF5-313673DA1E28}.Release|Any CPU.Build.0 = Release|Any CPU
	EndGlobalSection
	GlobalSection(SolutionProperties) = preSolution
		HideSolutionNode = FALSE
	EndGlobalSection
	GlobalSection(ExtensibilityGlobals) = postSolution
		SolutionGuid = {4FBB6BB4-AA29-4BF7-BC0D-1C47DF62F53B}
	EndGlobalSection
EndGlobal
